
Microsoft Visual Studio Solution File, Format Version 12.00
# Visual Studio Version 16
VisualStudioVersion = 16.0.31515.178
MinimumVisualStudioVersion = 10.0.40219.1
Project("{FAE04EC0-301F-11D3-BF4B-00C04F79EFBC}") = "TravelWebApp", "TravelWebApp\TravelWebApp.csproj", "{DE3392C6-E8DD-4AFB-8A5D-9AADFDCC82F3}"
EndProject
Global
	GlobalSection(SolutionConfigurationPlatforms) = preSolution
		Debug|Any CPU = Debug|Any CPU
		Release|Any CPU = Release|Any CPU
	EndGlobalSection
	GlobalSection(ProjectConfigurationPlatforms) = postSolution
		{DE3392C6-E8DD-4AFB-8A5D-9AADFDCC82F3}.Debug|Any CPU.ActiveCfg = Debug|Any CPU
		{DE3392C6-E8DD-4AFB-8A5D-9AADFDCC82F3}.Debug|Any CPU.Build.0 = Debug|Any CPU
		{DE3392C6-E8DD-4AFB-8A5D-9AADFDCC82F3}.Release|Any CPU.ActiveCfg = Release|Any CPU
		{DE3392C6-E8DD-4AFB-8A5D-9AADFDCC82F3}.Release|Any CPU.Build.0 = Release|Any CPU
	EndGlobalSection
	GlobalSection(SolutionProperties) = preSolution
		HideSolutionNode = FALSE
	EndGlobalSection
	GlobalSection(ExtensibilityGlobals) = postSolution
		SolutionGuid = {AFB035B0-4CDF-45DE-B8C0-4E509DD93CDC}
	EndGlobalSection
EndGlobal
